// !$*UTF8*$!
{
	archiveVersion = 1;
	classes = {
	};
	objectVersion = 56;
	objects = {

/* Begin PBXBuildFile section */
		04AD4FCD2C6D05F2002F909D /* AppDelegate.swift in Sources */ = {isa = PBXBuildFile; fileRef = 04AD4FCC2C6D05F2002F909D /* AppDelegate.swift */; };
		04AD4FCF2C6D05F2002F909D /* SceneDelegate.swift in Sources */ = {isa = PBXBuildFile; fileRef = 04AD4FCE2C6D05F2002F909D /* SceneDelegate.swift */; };
		04AD4FD62C6D05F5002F909D /* Assets.xcassets in Resources */ = {isa = PBXBuildFile; fileRef = 04AD4FD52C6D05F5002F909D /* Assets.xcassets */; };
		04AD4FD92C6D05F5002F909D /* Base in Resources */ = {isa = PBXBuildFile; fileRef = 04AD4FD82C6D05F5002F909D /* Base */; };
		04AD50072C6D81F4002F909D /* WebViewController.swift in Sources */ = {isa = PBXBuildFile; fileRef = 04AD50062C6D81F4002F909D /* WebViewController.swift */; };
		04AD500B2C6D828C002F909D /* VideoCollectionView.swift in Sources */ = {isa = PBXBuildFile; fileRef = 04AD500A2C6D828C002F909D /* VideoCollectionView.swift */; };
		04AD500F2C6D84DB002F909D /* StartScreenController.swift in Sources */ = {isa = PBXBuildFile; fileRef = 04AD500E2C6D84DB002F909D /* StartScreenController.swift */; };
		04AD50152C6EB1FF002F909D /* PhotosCollectionView.swift in Sources */ = {isa = PBXBuildFile; fileRef = 04AD50142C6EB1FF002F909D /* PhotosCollectionView.swift */; };
		E692DBD32C6FBA4300FCB229 /* StartScreenRouter.swift in Sources */ = {isa = PBXBuildFile; fileRef = E692DBD22C6FBA4300FCB229 /* StartScreenRouter.swift */; };
		E692DBD62C6FC0FC00FCB229 /* WebRouter.swift in Sources */ = {isa = PBXBuildFile; fileRef = E692DBD52C6FC0FC00FCB229 /* WebRouter.swift */; };
		E692DBD82C6FE82900FCB229 /* WebBuilder.swift in Sources */ = {isa = PBXBuildFile; fileRef = E692DBD72C6FE82900FCB229 /* WebBuilder.swift */; };
		E692DBDA2C6FE84400FCB229 /* WebPresenter.swift in Sources */ = {isa = PBXBuildFile; fileRef = E692DBD92C6FE84400FCB229 /* WebPresenter.swift */; };
		E692DBE22C6FEAED00FCB229 /* StartScreenPresenter.swift in Sources */ = {isa = PBXBuildFile; fileRef = E692DBE12C6FEAED00FCB229 /* StartScreenPresenter.swift */; };
		E692DBE42C6FEAFC00FCB229 /* StartScreenBuilder.swift in Sources */ = {isa = PBXBuildFile; fileRef = E692DBE32C6FEAFC00FCB229 /* StartScreenBuilder.swift */; };
		E692DC4C2C72347200FCB229 /* SegmentedController.swift in Sources */ = {isa = PBXBuildFile; fileRef = E692DC4B2C72347200FCB229 /* SegmentedController.swift */; };
		E692DC4E2C72348100FCB229 /* SegmnetedControlVIew.swift in Sources */ = {isa = PBXBuildFile; fileRef = E692DC4D2C72348100FCB229 /* SegmnetedControlVIew.swift */; };
		E692DC502C7234D100FCB229 /* WebAuthModel.swift in Sources */ = {isa = PBXBuildFile; fileRef = E692DC4F2C7234D100FCB229 /* WebAuthModel.swift */; };
		E692DC532C72355600FCB229 /* KeychainAccess in Frameworks */ = {isa = PBXBuildFile; productRef = E692DC522C72355600FCB229 /* KeychainAccess */; };
/* End PBXBuildFile section */

/* Begin PBXFileReference section */
		04AD4FC92C6D05F2002F909D /* VKMobileUp.app */ = {isa = PBXFileReference; explicitFileType = wrapper.application; includeInIndex = 0; path = VKMobileUp.app; sourceTree = BUILT_PRODUCTS_DIR; };
		04AD4FCC2C6D05F2002F909D /* AppDelegate.swift */ = {isa = PBXFileReference; lastKnownFileType = sourcecode.swift; path = AppDelegate.swift; sourceTree = "<group>"; };
		04AD4FCE2C6D05F2002F909D /* SceneDelegate.swift */ = {isa = PBXFileReference; lastKnownFileType = sourcecode.swift; path = SceneDelegate.swift; sourceTree = "<group>"; };
		04AD4FD52C6D05F5002F909D /* Assets.xcassets */ = {isa = PBXFileReference; lastKnownFileType = folder.assetcatalog; path = Assets.xcassets; sourceTree = "<group>"; };
		04AD4FD82C6D05F5002F909D /* Base */ = {isa = PBXFileReference; lastKnownFileType = file.storyboard; name = Base; path = Base.lproj/LaunchScreen.storyboard; sourceTree = "<group>"; };
		04AD4FDA2C6D05F5002F909D /* Info.plist */ = {isa = PBXFileReference; lastKnownFileType = text.plist.xml; path = Info.plist; sourceTree = "<group>"; };
		04AD50062C6D81F4002F909D /* WebViewController.swift */ = {isa = PBXFileReference; lastKnownFileType = sourcecode.swift; path = WebViewController.swift; sourceTree = "<group>"; };
		04AD500A2C6D828C002F909D /* VideoCollectionView.swift */ = {isa = PBXFileReference; lastKnownFileType = sourcecode.swift; path = VideoCollectionView.swift; sourceTree = "<group>"; };
		04AD500E2C6D84DB002F909D /* StartScreenController.swift */ = {isa = PBXFileReference; lastKnownFileType = sourcecode.swift; path = StartScreenController.swift; sourceTree = "<group>"; };
		04AD50142C6EB1FF002F909D /* PhotosCollectionView.swift */ = {isa = PBXFileReference; lastKnownFileType = sourcecode.swift; path = PhotosCollectionView.swift; sourceTree = "<group>"; };
		E692DBD22C6FBA4300FCB229 /* StartScreenRouter.swift */ = {isa = PBXFileReference; lastKnownFileType = sourcecode.swift; path = StartScreenRouter.swift; sourceTree = "<group>"; };
		E692DBD52C6FC0FC00FCB229 /* WebRouter.swift */ = {isa = PBXFileReference; lastKnownFileType = sourcecode.swift; path = WebRouter.swift; sourceTree = "<group>"; };
		E692DBD72C6FE82900FCB229 /* WebBuilder.swift */ = {isa = PBXFileReference; lastKnownFileType = sourcecode.swift; path = WebBuilder.swift; sourceTree = "<group>"; };
		E692DBD92C6FE84400FCB229 /* WebPresenter.swift */ = {isa = PBXFileReference; lastKnownFileType = sourcecode.swift; path = WebPresenter.swift; sourceTree = "<group>"; };
		E692DBE12C6FEAED00FCB229 /* StartScreenPresenter.swift */ = {isa = PBXFileReference; lastKnownFileType = sourcecode.swift; path = StartScreenPresenter.swift; sourceTree = "<group>"; };
		E692DBE32C6FEAFC00FCB229 /* StartScreenBuilder.swift */ = {isa = PBXFileReference; lastKnownFileType = sourcecode.swift; path = StartScreenBuilder.swift; sourceTree = "<group>"; };
		E692DC4B2C72347200FCB229 /* SegmentedController.swift */ = {isa = PBXFileReference; lastKnownFileType = sourcecode.swift; path = SegmentedController.swift; sourceTree = "<group>"; };
		E692DC4D2C72348100FCB229 /* SegmnetedControlVIew.swift */ = {isa = PBXFileReference; lastKnownFileType = sourcecode.swift; path = SegmnetedControlVIew.swift; sourceTree = "<group>"; };
		E692DC4F2C7234D100FCB229 /* WebAuthModel.swift */ = {isa = PBXFileReference; lastKnownFileType = sourcecode.swift; path = WebAuthModel.swift; sourceTree = "<group>"; };
/* End PBXFileReference section */

/* Begin PBXFrameworksBuildPhase section */
		04AD4FC62C6D05F2002F909D /* Frameworks */ = {
			isa = PBXFrameworksBuildPhase;
			buildActionMask = 2147483647;
			files = (
				E692DC532C72355600FCB229 /* KeychainAccess in Frameworks */,
			);
			runOnlyForDeploymentPostprocessing = 0;
		};
/* End PBXFrameworksBuildPhase section */

/* Begin PBXGroup section */
		04AD4FC02C6D05F2002F909D = {
			isa = PBXGroup;
			children = (
				04AD4FCB2C6D05F2002F909D /* VKMobileUp */,
				04AD4FCA2C6D05F2002F909D /* Products */,
			);
			sourceTree = "<group>";
		};
		04AD4FCA2C6D05F2002F909D /* Products */ = {
			isa = PBXGroup;
			children = (
				04AD4FC92C6D05F2002F909D /* VKMobileUp.app */,
			);
			name = Products;
			sourceTree = "<group>";
		};
		04AD4FCB2C6D05F2002F909D /* VKMobileUp */ = {
			isa = PBXGroup;
			children = (
				04AD50002C6D7FBE002F909D /* App */,
				E692DC032C701BD900FCB229 /* StartScreen */,
				E692DBD42C6FC0DC00FCB229 /* WebOAuth */,
				04AD4FD52C6D05F5002F909D /* Assets.xcassets */,
				04AD4FDA2C6D05F5002F909D /* Info.plist */,
				04AD4FD72C6D05F5002F909D /* LaunchScreen.storyboard */,
				04AD50182C6EB25C002F909D /* Photos */,
				E692DC4B2C72347200FCB229 /* SegmentedController.swift */,
				E692DC4D2C72348100FCB229 /* SegmnetedControlVIew.swift */,
				04AD50032C6D7FD4002F909D /* Videos */,
			);
			path = VKMobileUp;
			sourceTree = "<group>";
		};
		04AD50002C6D7FBE002F909D /* App */ = {
			isa = PBXGroup;
			children = (
				04AD4FCC2C6D05F2002F909D /* AppDelegate.swift */,
				04AD4FCE2C6D05F2002F909D /* SceneDelegate.swift */,
			);
			path = App;
			sourceTree = "<group>";
		};
		04AD50032C6D7FD4002F909D /* Videos */ = {
			isa = PBXGroup;
			children = (
				04AD500A2C6D828C002F909D /* VideoCollectionView.swift */,
			);
			path = Videos;
			sourceTree = "<group>";
		};
		04AD50182C6EB25C002F909D /* Photos */ = {
			isa = PBXGroup;
			children = (
				04AD50142C6EB1FF002F909D /* PhotosCollectionView.swift */,
			);
			path = Photos;
			sourceTree = "<group>";
		};
		E692DBD42C6FC0DC00FCB229 /* WebOAuth */ = {
			isa = PBXGroup;
			children = (
				E692DBD72C6FE82900FCB229 /* WebBuilder.swift */,
				04AD50062C6D81F4002F909D /* WebViewController.swift */,
				E692DBD92C6FE84400FCB229 /* WebPresenter.swift */,
				E692DBD52C6FC0FC00FCB229 /* WebRouter.swift */,
				E692DC4F2C7234D100FCB229 /* WebAuthModel.swift */,
			);
			path = WebOAuth;
			sourceTree = "<group>";
		};
		E692DC032C701BD900FCB229 /* StartScreen */ = {
			isa = PBXGroup;
			children = (
				E692DBE32C6FEAFC00FCB229 /* StartScreenBuilder.swift */,
				04AD500E2C6D84DB002F909D /* StartScreenController.swift */,
				E692DBE12C6FEAED00FCB229 /* StartScreenPresenter.swift */,
				E692DBD22C6FBA4300FCB229 /* StartScreenRouter.swift */,
			);
			path = StartScreen;
			sourceTree = "<group>";
		};
/* End PBXGroup section */

/* Begin PBXNativeTarget section */
		04AD4FC82C6D05F2002F909D /* VKMobileUp */ = {
			isa = PBXNativeTarget;
			buildConfigurationList = 04AD4FDD2C6D05F5002F909D /* Build configuration list for PBXNativeTarget "VKMobileUp" */;
			buildPhases = (
				04AD4FC52C6D05F2002F909D /* Sources */,
				04AD4FC62C6D05F2002F909D /* Frameworks */,
				04AD4FC72C6D05F2002F909D /* Resources */,
			);
			buildRules = (
			);
			dependencies = (
			);
			name = VKMobileUp;
			packageProductDependencies = (
				E692DC522C72355600FCB229 /* KeychainAccess */,
			);
			productName = VKMobileUp;
			productReference = 04AD4FC92C6D05F2002F909D /* VKMobileUp.app */;
			productType = "com.apple.product-type.application";
		};
/* End PBXNativeTarget section */

/* Begin PBXProject section */
		04AD4FC12C6D05F2002F909D /* Project object */ = {
			isa = PBXProject;
			attributes = {
				BuildIndependentTargetsInParallel = 1;
				LastSwiftUpdateCheck = 1540;
				LastUpgradeCheck = 1540;
				TargetAttributes = {
					04AD4FC82C6D05F2002F909D = {
						CreatedOnToolsVersion = 15.4;
					};
				};
			};
			buildConfigurationList = 04AD4FC42C6D05F2002F909D /* Build configuration list for PBXProject "VKMobileUp" */;
			compatibilityVersion = "Xcode 14.0";
			developmentRegion = en;
			hasScannedForEncodings = 0;
			knownRegions = (
				en,
				Base,
			);
			mainGroup = 04AD4FC02C6D05F2002F909D;
			packageReferences = (
				E692DC512C72355600FCB229 /* XCRemoteSwiftPackageReference "KeychainAccess" */,
			);
			productRefGroup = 04AD4FCA2C6D05F2002F909D /* Products */;
			projectDirPath = "";
			projectRoot = "";
			targets = (
				04AD4FC82C6D05F2002F909D /* VKMobileUp */,
			);
		};
/* End PBXProject section */

/* Begin PBXResourcesBuildPhase section */
		04AD4FC72C6D05F2002F909D /* Resources */ = {
			isa = PBXResourcesBuildPhase;
			buildActionMask = 2147483647;
			files = (
				04AD4FD62C6D05F5002F909D /* Assets.xcassets in Resources */,
				04AD4FD92C6D05F5002F909D /* Base in Resources */,
			);
			runOnlyForDeploymentPostprocessing = 0;
		};
/* End PBXResourcesBuildPhase section */

/* Begin PBXSourcesBuildPhase section */
		04AD4FC52C6D05F2002F909D /* Sources */ = {
			isa = PBXSourcesBuildPhase;
			buildActionMask = 2147483647;
			files = (
				04AD500F2C6D84DB002F909D /* StartScreenController.swift in Sources */,
				E692DBDA2C6FE84400FCB229 /* WebPresenter.swift in Sources */,
				E692DBD62C6FC0FC00FCB229 /* WebRouter.swift in Sources */,
				E692DBD82C6FE82900FCB229 /* WebBuilder.swift in Sources */,
				E692DC4E2C72348100FCB229 /* SegmnetedControlVIew.swift in Sources */,
				E692DBD32C6FBA4300FCB229 /* StartScreenRouter.swift in Sources */,
				04AD50072C6D81F4002F909D /* WebViewController.swift in Sources */,
				04AD4FCD2C6D05F2002F909D /* AppDelegate.swift in Sources */,
				04AD50152C6EB1FF002F909D /* PhotosCollectionView.swift in Sources */,
				E692DC502C7234D100FCB229 /* WebAuthModel.swift in Sources */,
				E692DBE22C6FEAED00FCB229 /* StartScreenPresenter.swift in Sources */,
				04AD500B2C6D828C002F909D /* VideoCollectionView.swift in Sources */,
				E692DC4C2C72347200FCB229 /* SegmentedController.swift in Sources */,
				E692DBE42C6FEAFC00FCB229 /* StartScreenBuilder.swift in Sources */,
				04AD4FCF2C6D05F2002F909D /* SceneDelegate.swift in Sources */,
			);
			runOnlyForDeploymentPostprocessing = 0;
		};
/* End PBXSourcesBuildPhase section */

/* Begin PBXVariantGroup section */
		04AD4FD72C6D05F5002F909D /* LaunchScreen.storyboard */ = {
			isa = PBXVariantGroup;
			children = (
				04AD4FD82C6D05F5002F909D /* Base */,
			);
			name = LaunchScreen.storyboard;
			sourceTree = "<group>";
		};
/* End PBXVariantGroup section */

/* Begin XCBuildConfiguration section */
		04AD4FDB2C6D05F5002F909D /* Debug */ = {
			isa = XCBuildConfiguration;
			buildSettings = {
				ALWAYS_SEARCH_USER_PATHS = NO;
				ASSETCATALOG_COMPILER_GENERATE_SWIFT_ASSET_SYMBOL_EXTENSIONS = YES;
				CLANG_ANALYZER_NONNULL = YES;
				CLANG_ANALYZER_NUMBER_OBJECT_CONVERSION = YES_AGGRESSIVE;
				CLANG_CXX_LANGUAGE_STANDARD = "gnu++20";
				CLANG_ENABLE_MODULES = YES;
				CLANG_ENABLE_OBJC_ARC = YES;
				CLANG_ENABLE_OBJC_WEAK = YES;
				CLANG_WARN_BLOCK_CAPTURE_AUTORELEASING = YES;
				CLANG_WARN_BOOL_CONVERSION = YES;
				CLANG_WARN_COMMA = YES;
				CLANG_WARN_CONSTANT_CONVERSION = YES;
				CLANG_WARN_DEPRECATED_OBJC_IMPLEMENTATIONS = YES;
				CLANG_WARN_DIRECT_OBJC_ISA_USAGE = YES_ERROR;
				CLANG_WARN_DOCUMENTATION_COMMENTS = YES;
				CLANG_WARN_EMPTY_BODY = YES;
				CLANG_WARN_ENUM_CONVERSION = YES;
				CLANG_WARN_INFINITE_RECURSION = YES;
				CLANG_WARN_INT_CONVERSION = YES;
				CLANG_WARN_NON_LITERAL_NULL_CONVERSION = YES;
				CLANG_WARN_OBJC_IMPLICIT_RETAIN_SELF = YES;
				CLANG_WARN_OBJC_LITERAL_CONVERSION = YES;
				CLANG_WARN_OBJC_ROOT_CLASS = YES_ERROR;
				CLANG_WARN_QUOTED_INCLUDE_IN_FRAMEWORK_HEADER = YES;
				CLANG_WARN_RANGE_LOOP_ANALYSIS = YES;
				CLANG_WARN_STRICT_PROTOTYPES = YES;
				CLANG_WARN_SUSPICIOUS_MOVE = YES;
				CLANG_WARN_UNGUARDED_AVAILABILITY = YES_AGGRESSIVE;
				CLANG_WARN_UNREACHABLE_CODE = YES;
				CLANG_WARN__DUPLICATE_METHOD_MATCH = YES;
				COPY_PHASE_STRIP = NO;
				DEBUG_INFORMATION_FORMAT = dwarf;
				ENABLE_STRICT_OBJC_MSGSEND = YES;
				ENABLE_TESTABILITY = YES;
				ENABLE_USER_SCRIPT_SANDBOXING = YES;
				GCC_C_LANGUAGE_STANDARD = gnu17;
				GCC_DYNAMIC_NO_PIC = NO;
				GCC_NO_COMMON_BLOCKS = YES;
				GCC_OPTIMIZATION_LEVEL = 0;
				GCC_PREPROCESSOR_DEFINITIONS = (
					"DEBUG=1",
					"$(inherited)",
				);
				GCC_WARN_64_TO_32_BIT_CONVERSION = YES;
				GCC_WARN_ABOUT_RETURN_TYPE = YES_ERROR;
				GCC_WARN_UNDECLARED_SELECTOR = YES;
				GCC_WARN_UNINITIALIZED_AUTOS = YES_AGGRESSIVE;
				GCC_WARN_UNUSED_FUNCTION = YES;
				GCC_WARN_UNUSED_VARIABLE = YES;
				IPHONEOS_DEPLOYMENT_TARGET = 15.0;
				LOCALIZATION_PREFERS_STRING_CATALOGS = YES;
				MTL_ENABLE_DEBUG_INFO = INCLUDE_SOURCE;
				MTL_FAST_MATH = YES;
				ONLY_ACTIVE_ARCH = YES;
				SDKROOT = iphoneos;
				SWIFT_ACTIVE_COMPILATION_CONDITIONS = "DEBUG $(inherited)";
				SWIFT_OPTIMIZATION_LEVEL = "-Onone";
			};
			name = Debug;
		};
		04AD4FDC2C6D05F5002F909D /* Release */ = {
			isa = XCBuildConfiguration;
			buildSettings = {
				ALWAYS_SEARCH_USER_PATHS = NO;
				ASSETCATALOG_COMPILER_GENERATE_SWIFT_ASSET_SYMBOL_EXTENSIONS = YES;
				CLANG_ANALYZER_NONNULL = YES;
				CLANG_ANALYZER_NUMBER_OBJECT_CONVERSION = YES_AGGRESSIVE;
				CLANG_CXX_LANGUAGE_STANDARD = "gnu++20";
				CLANG_ENABLE_MODULES = YES;
				CLANG_ENABLE_OBJC_ARC = YES;
				CLANG_ENABLE_OBJC_WEAK = YES;
				CLANG_WARN_BLOCK_CAPTURE_AUTORELEASING = YES;
				CLANG_WARN_BOOL_CONVERSION = YES;
				CLANG_WARN_COMMA = YES;
				CLANG_WARN_CONSTANT_CONVERSION = YES;
				CLANG_WARN_DEPRECATED_OBJC_IMPLEMENTATIONS = YES;
				CLANG_WARN_DIRECT_OBJC_ISA_USAGE = YES_ERROR;
				CLANG_WARN_DOCUMENTATION_COMMENTS = YES;
				CLANG_WARN_EMPTY_BODY = YES;
				CLANG_WARN_ENUM_CONVERSION = YES;
				CLANG_WARN_INFINITE_RECURSION = YES;
				CLANG_WARN_INT_CONVERSION = YES;
				CLANG_WARN_NON_LITERAL_NULL_CONVERSION = YES;
				CLANG_WARN_OBJC_IMPLICIT_RETAIN_SELF = YES;
				CLANG_WARN_OBJC_LITERAL_CONVERSION = YES;
				CLANG_WARN_OBJC_ROOT_CLASS = YES_ERROR;
				CLANG_WARN_QUOTED_INCLUDE_IN_FRAMEWORK_HEADER = YES;
				CLANG_WARN_RANGE_LOOP_ANALYSIS = YES;
				CLANG_WARN_STRICT_PROTOTYPES = YES;
				CLANG_WARN_SUSPICIOUS_MOVE = YES;
				CLANG_WARN_UNGUARDED_AVAILABILITY = YES_AGGRESSIVE;
				CLANG_WARN_UNREACHABLE_CODE = YES;
				CLANG_WARN__DUPLICATE_METHOD_MATCH = YES;
				COPY_PHASE_STRIP = NO;
				DEBUG_INFORMATION_FORMAT = "dwarf-with-dsym";
				ENABLE_NS_ASSERTIONS = NO;
				ENABLE_STRICT_OBJC_MSGSEND = YES;
				ENABLE_USER_SCRIPT_SANDBOXING = YES;
				GCC_C_LANGUAGE_STANDARD = gnu17;
				GCC_NO_COMMON_BLOCKS = YES;
				GCC_WARN_64_TO_32_BIT_CONVERSION = YES;
				GCC_WARN_ABOUT_RETURN_TYPE = YES_ERROR;
				GCC_WARN_UNDECLARED_SELECTOR = YES;
				GCC_WARN_UNINITIALIZED_AUTOS = YES_AGGRESSIVE;
				GCC_WARN_UNUSED_FUNCTION = YES;
				GCC_WARN_UNUSED_VARIABLE = YES;
				IPHONEOS_DEPLOYMENT_TARGET = 15.0;
				LOCALIZATION_PREFERS_STRING_CATALOGS = YES;
				MTL_ENABLE_DEBUG_INFO = NO;
				MTL_FAST_MATH = YES;
				SDKROOT = iphoneos;
				SWIFT_COMPILATION_MODE = wholemodule;
				VALIDATE_PRODUCT = YES;
			};
			name = Release;
		};
		04AD4FDE2C6D05F5002F909D /* Debug */ = {
			isa = XCBuildConfiguration;
			buildSettings = {
				ASSETCATALOG_COMPILER_APPICON_NAME = AppIcon;
				ASSETCATALOG_COMPILER_GLOBAL_ACCENT_COLOR_NAME = AccentColor;
				CODE_SIGN_STYLE = Automatic;
				CURRENT_PROJECT_VERSION = 1;
				DEVELOPMENT_TEAM = KKL7RL65CX;
				GENERATE_INFOPLIST_FILE = YES;
				INFOPLIST_FILE = VKMobileUp/Info.plist;
				INFOPLIST_KEY_UIApplicationSupportsIndirectInputEvents = YES;
				INFOPLIST_KEY_UILaunchStoryboardName = LaunchScreen;
				INFOPLIST_KEY_UISupportedInterfaceOrientations_iPad = "UIInterfaceOrientationPortrait UIInterfaceOrientationPortraitUpsideDown UIInterfaceOrientationLandscapeLeft UIInterfaceOrientationLandscapeRight";
				INFOPLIST_KEY_UISupportedInterfaceOrientations_iPhone = "UIInterfaceOrientationPortrait UIInterfaceOrientationLandscapeLeft UIInterfaceOrientationLandscapeRight";
				IPHONEOS_DEPLOYMENT_TARGET = 15.0;
				LD_RUNPATH_SEARCH_PATHS = (
					"$(inherited)",
					"@executable_path/Frameworks",
				);
				MARKETING_VERSION = 1.0;
				PRODUCT_BUNDLE_IDENTIFIER = Mac.VKMobileUp;
				PRODUCT_NAME = "$(TARGET_NAME)";
				SUPPORTED_PLATFORMS = "iphoneos iphonesimulator";
				SUPPORTS_MACCATALYST = NO;
				SUPPORTS_MAC_DESIGNED_FOR_IPHONE_IPAD = NO;
				SUPPORTS_XR_DESIGNED_FOR_IPHONE_IPAD = NO;
				SWIFT_EMIT_LOC_STRINGS = YES;
				SWIFT_VERSION = 5.0;
				TARGETED_DEVICE_FAMILY = 1;
			};
			name = Debug;
		};
		04AD4FDF2C6D05F5002F909D /* Release */ = {
			isa = XCBuildConfiguration;
			buildSettings = {
				ASSETCATALOG_COMPILER_APPICON_NAME = AppIcon;
				ASSETCATALOG_COMPILER_GLOBAL_ACCENT_COLOR_NAME = AccentColor;
				CODE_SIGN_STYLE = Automatic;
				CURRENT_PROJECT_VERSION = 1;
				DEVELOPMENT_TEAM = KKL7RL65CX;
				GENERATE_INFOPLIST_FILE = YES;
				INFOPLIST_FILE = VKMobileUp/Info.plist;
				INFOPLIST_KEY_UIApplicationSupportsIndirectInputEvents = YES;
				INFOPLIST_KEY_UILaunchStoryboardName = LaunchScreen;
				INFOPLIST_KEY_UISupportedInterfaceOrientations_iPad = "UIInterfaceOrientationPortrait UIInterfaceOrientationPortraitUpsideDown UIInterfaceOrientationLandscapeLeft UIInterfaceOrientationLandscapeRight";
				INFOPLIST_KEY_UISupportedInterfaceOrientations_iPhone = "UIInterfaceOrientationPortrait UIInterfaceOrientationLandscapeLeft UIInterfaceOrientationLandscapeRight";
				IPHONEOS_DEPLOYMENT_TARGET = 15.0;
				LD_RUNPATH_SEARCH_PATHS = (
					"$(inherited)",
					"@executable_path/Frameworks",
				);
				MARKETING_VERSION = 1.0;
				PRODUCT_BUNDLE_IDENTIFIER = Mac.VKMobileUp;
				PRODUCT_NAME = "$(TARGET_NAME)";
				SUPPORTED_PLATFORMS = "iphoneos iphonesimulator";
				SUPPORTS_MACCATALYST = NO;
				SUPPORTS_MAC_DESIGNED_FOR_IPHONE_IPAD = NO;
				SUPPORTS_XR_DESIGNED_FOR_IPHONE_IPAD = NO;
				SWIFT_EMIT_LOC_STRINGS = YES;
				SWIFT_VERSION = 5.0;
				TARGETED_DEVICE_FAMILY = 1;
			};
			name = Release;
		};
/* End XCBuildConfiguration section */

/* Begin XCConfigurationList section */
		04AD4FC42C6D05F2002F909D /* Build configuration list for PBXProject "VKMobileUp" */ = {
			isa = XCConfigurationList;
			buildConfigurations = (
				04AD4FDB2C6D05F5002F909D /* Debug */,
				04AD4FDC2C6D05F5002F909D /* Release */,
			);
			defaultConfigurationIsVisible = 0;
			defaultConfigurationName = Release;
		};
		04AD4FDD2C6D05F5002F909D /* Build configuration list for PBXNativeTarget "VKMobileUp" */ = {
			isa = XCConfigurationList;
			buildConfigurations = (
				04AD4FDE2C6D05F5002F909D /* Debug */,
				04AD4FDF2C6D05F5002F909D /* Release */,
			);
			defaultConfigurationIsVisible = 0;
			defaultConfigurationName = Release;
		};
/* End XCConfigurationList section */

/* Begin XCRemoteSwiftPackageReference section */
		E692DC512C72355600FCB229 /* XCRemoteSwiftPackageReference "KeychainAccess" */ = {
			isa = XCRemoteSwiftPackageReference;
			repositoryURL = "https://github.com/kishikawakatsumi/KeychainAccess.git";
			requirement = {
				branch = master;
				kind = branch;
			};
		};
/* End XCRemoteSwiftPackageReference section */

/* Begin XCSwiftPackageProductDependency section */
		E692DC522C72355600FCB229 /* KeychainAccess */ = {
			isa = XCSwiftPackageProductDependency;
			package = E692DC512C72355600FCB229 /* XCRemoteSwiftPackageReference "KeychainAccess" */;
			productName = KeychainAccess;
		};
/* End XCSwiftPackageProductDependency section */
	};
	rootObject = 04AD4FC12C6D05F2002F909D /* Project object */;
}
